version = 1
revision = 3
requires-python = ">=3.10.0, <4.0"

[[package]]
name = "attrs"
version = "25.4.0"
source = { registry = "https://pypi.org/simple" }
sdist = { url = "https://files.pythonhosted.org/packages/6b/5c/685e6633917e101e5dcb62b9dd76946cbb57c26e133bae9e0cd36033c0a9/attrs-25.4.0.tar.gz", hash = "sha256:16d5969b87f0859ef33a48b35d55ac1be6e42ae49d5e853b597db70c35c57e11", size = 934251, upload-time = "2025-10-06T13:54:44.725Z" }
wheels = [
    { url = "https://files.pythonhosted.org/packages/3a/2a/7cc015f5b9f5db42b7d48157e23356022889fc354a2813c15934b7cb5c0e/attrs-25.4.0-py3-none-any.whl", hash = "sha256:adcf7e2a1fb3b36ac48d97835bb6d8ade15b8dcce26aba8bf1d14847b57a3373", size = 67615, upload-time = "2025-10-06T13:54:43.17Z" },
]

[[package]]
name = "fgpyo"
version = "1.5.0"
source = { registry = "https://pypi.org/simple" }
dependencies = [
    { name = "attrs" },
    { name = "pysam" },
    { name = "strenum" },
    { name = "typing-extensions", marker = "python_full_version < '3.13'" },
    { name = "zlib-ng" },
]
sdist = { url = "https://files.pythonhosted.org/packages/19/2f/c34c25f59273e03dd64988f69fa73bec33071351dfc7e48114df0b552d26/fgpyo-1.5.0.tar.gz", hash = "sha256:76814416a0a91002cb14011585c6e2a2151820599eb8796a2f24ff14d02c98b8", size = 183939, upload-time = "2026-02-17T17:34:08.095Z" }
wheels = [
    { url = "https://files.pythonhosted.org/packages/c4/a6/18200e8d9cf6560d0187f8ebc5c4a087f9fde40884b5a8122438e3651423/fgpyo-1.5.0-py3-none-any.whl", hash = "sha256:216039b585893d8192ad67875e3f19330b79a147d11ce0ba0efb5adf99218b7f", size = 79353, upload-time = "2026-02-17T17:34:06.578Z" },
]

[[package]]
name = "pybwa"
version = "2.2.0"
source = { editable = "." }
dependencies = [
    { name = "fgpyo" },
    { name = "pysam" },
    { name = "typing-extensions", marker = "python_full_version < '3.13'" },
]

[package.metadata]
requires-dist = [
    { name = "fgpyo", specifier = ">=0.7.0" },
    { name = "pysam", specifier = ">=0.22.1" },
    { name = "typing-extensions", marker = "python_full_version < '3.13'", specifier = ">=3.7.4" },
]

[[package]]
name = "pysam"
version = "0.23.3"
source = { registry = "https://pypi.org/simple" }
sdist = { url = "https://files.pythonhosted.org/packages/7c/2b/1cf19890a0e4c73ad2672ce7eb485606c4bd2846eef2d892c078ab193c92/pysam-0.23.3.tar.gz", hash = "sha256:9ebcb1f004b296fd139b103ec6fd7e415e80f89f194eb7d0d972ac6d11bbaf24", size = 4974405, upload-time = "2025-06-10T11:19:54.057Z" }
wheels = [
    { url = "https://files.pythonhosted.org/packages/8a/2c/81bd1a448c19530581b7a0aea72d53b3ab62cea3e621f9dd787cd7fb4098/pysam-0.23.3-cp310-cp310-macosx_10_9_x86_64.whl", hash = "sha256:a0b99d875f293fad0bd9c9c923e8910c03af62d291ebb7d20e69ceaf39e383d4", size = 6170935, upload-time = "2025-06-10T11:19:03.469Z" },
    { url = "https://files.pythonhosted.org/packages/b2/71/7eaa8dfb4a765fc851dbaddcb21af1325c26d9cf0f3310ceb44427faca5c/pysam-0.23.3-cp310-cp310-macosx_11_0_arm64.whl", hash = "sha256:725a32970cf4ce322f4ab2a52b755163297027a0349f0d151537fe16bdf525e5", size = 8365284, upload-time = "2025-06-10T11:22:37.658Z" },
    { url = "https://files.pythonhosted.org/packages/4f/65/14cdc0e0948e03d7c8e9606f8704b47765542dbbb3c0b9c72c8bd7562bbb/pysam-0.23.3-cp310-cp310-manylinux_2_28_aarch64.whl", hash = "sha256:5fd54146c0a5a41e37b67212e3b9b0c123b73d1dd2ba58082d21dc2236c1b290", size = 22850673, upload-time = "2025-06-10T11:22:39.934Z" },
    { url = "https://files.pythonhosted.org/packages/8e/1a/79a2c1bea757cd432a2d67087feb1e3dc8226b49fc926f2d844b3badd147/pysam-0.23.3-cp310-cp310-manylinux_2_28_x86_64.whl", hash = "sha256:a7d6b3dcbf4756bd178e217fa391187edc5793f8f50c3034e585d1e4d282d29b", size = 23408332, upload-time = "2025-06-10T11:19:05.869Z" },
    { url = "https://files.pythonhosted.org/packages/ae/ac/fc98ab9bc6bd5d1205fd71c7fd49e33663199cc66645ab0e8db1e572f774/pysam-0.23.3-cp310-cp310-musllinux_1_2_aarch64.whl", hash = "sha256:bc391a099ca74a1134a1cf71812c8ddf9934ab9d6675f3a97fe299466f227a1f", size = 22507284, upload-time = "2025-06-10T11:22:42.551Z" },
    { url = "https://files.pythonhosted.org/packages/8e/0b/0ff157244e2af25e1a8a880f4d2c050d6b49791b32342dc8886a27d388c4/pysam-0.23.3-cp310-cp310-musllinux_1_2_x86_64.whl", hash = "sha256:d98ce73c07926d400c684773ce2521f03f78247a3dd6968c8206ba31b077b503", size = 22813420, upload-time = "2025-06-10T11:19:08.902Z" },
    { url = "https://files.pythonhosted.org/packages/71/59/74eccdbb18a26a49d99b9cef50e3630b76b1c430756e6f04891d12f4d43f/pysam-0.23.3-cp311-cp311-macosx_10_9_x86_64.whl", hash = "sha256:cb4c9c4eb245d643b60c7ec750d5554ebf17c6c9646f4f54439f94a3b3de15de", size = 8667888, upload-time = "2025-06-10T11:19:11.209Z" },
    { url = "https://files.pythonhosted.org/packages/de/12/ae4e639c9187bfd60f3110d9166bf079044e091011f400173bebf2740eae/pysam-0.23.3-cp311-cp311-macosx_11_0_arm64.whl", hash = "sha256:3449070e0bbe716f9eccd3911d2482476478fbad63f739378d0203f470a446d6", size = 8415426, upload-time = "2025-06-10T11:22:44.903Z" },
    { url = "https://files.pythonhosted.org/packages/a7/f3/e8cd509f5250e0656076cd0f4a6c9e7d2c520e5599272a8519a3d50ca6ba/pysam-0.23.3-cp311-cp311-manylinux_2_28_aarch64.whl", hash = "sha256:c6cb7069dcecca3d40bbe4a6d5adea5cafe483c11854892dbabd6e10e5776049", size = 25904314, upload-time = "2025-06-10T11:22:47.215Z" },
    { url = "https://files.pythonhosted.org/packages/7b/98/936efaa190ad843c71ca397addc02e676ea4fb389437e2ca0471ad39efb0/pysam-0.23.3-cp311-cp311-manylinux_2_28_x86_64.whl", hash = "sha256:a7e9c835126f94ff57199e2f58e61436e12e84d47077e70aac8aa03531c4cc71", size = 26452466, upload-time = "2025-06-10T11:19:13.975Z" },
    { url = "https://files.pythonhosted.org/packages/ac/dd/432569a859c5820b882fb692628b0df7cc9de1fe61c5eb5b979df31a7720/pysam-0.23.3-cp311-cp311-musllinux_1_2_aarch64.whl", hash = "sha256:9b249367a4ad100e61afac9156bde6183c6119f2612bbd5d97ebe3153c643aed", size = 25547736, upload-time = "2025-06-10T11:22:49.708Z" },
    { url = "https://files.pythonhosted.org/packages/8e/6b/2a8060a279373eb64c5c77e7a0ef2e5bd0d3adc85623aa228d877038f2a2/pysam-0.23.3-cp311-cp311-musllinux_1_2_x86_64.whl", hash = "sha256:a720cc0818aa84aca5ee4ef884fda82367598e77ec0c95d2050f670fb1fd0db5", size = 25865391, upload-time = "2025-06-10T11:19:17.103Z" },
    { url = "https://files.pythonhosted.org/packages/a2/6b/dd9f94da44463ecfddb7075f1048c044155c725d7d79fde2e7957561a3b0/pysam-0.23.3-cp312-cp312-macosx_10_13_x86_64.whl", hash = "sha256:69f90c0867fe43f04004bcea963f6b2e68b39180afab54bf551f61f43856638b", size = 6177042, upload-time = "2025-06-10T11:19:19.517Z" },
    { url = "https://files.pythonhosted.org/packages/f3/e9/686e711a559a02e4c3ba0bc78cf031d9ddb525e9f0b2984d1b66536ba94a/pysam-0.23.3-cp312-cp312-macosx_11_0_arm64.whl", hash = "sha256:2310d72bfae7a0980d414156267e25b57aa221a768c11c087f3f7d00ceb9fed4", size = 8398187, upload-time = "2025-06-10T11:22:52.284Z" },
    { url = "https://files.pythonhosted.org/packages/8a/82/fca396e13969d1020956b02e567e0d357be0af0f3aebc2b4d97bed780a6d/pysam-0.23.3-cp312-cp312-manylinux_2_28_aarch64.whl", hash = "sha256:b2e45983efea190d374fcda0b6e0c835d6e9e474e02694729f3b3a14d680fa62", size = 23343831, upload-time = "2025-06-10T11:22:54.594Z" },
    { url = "https://files.pythonhosted.org/packages/df/a6/c100df6c8118b4ce1f9c086bb9cf5bccd4f71d05ceb2ecf474f3b0ea87b8/pysam-0.23.3-cp312-cp312-manylinux_2_28_x86_64.whl", hash = "sha256:4099393fc5097b5081c7efaf46b0109e4f0a8ed18f86d497219a8bf739c73992", size = 24021198, upload-time = "2025-06-10T11:19:21.379Z" },
    { url = "https://files.pythonhosted.org/packages/f1/92/32e1b13f30f16fe2c948f9b9e04c6e7698beaa539ea1a2bcddc51ed6c9b7/pysam-0.23.3-cp312-cp312-musllinux_1_2_aarch64.whl", hash = "sha256:4f04b9aa9b23d767fe36652eacb8370791e3b56816a7e50553d52c65ccdce77f", size = 22925815, upload-time = "2025-06-10T11:22:56.894Z" },
    { url = "https://files.pythonhosted.org/packages/fa/7d/ccfaa2d6f9f07b357696b07883d5c5471f980938c2293324631425d95523/pysam-0.23.3-cp312-cp312-musllinux_1_2_x86_64.whl", hash = "sha256:701843e5dc67c8eb217c3265039c699a5f83cce64fbc4225268141796e972353", size = 23351352, upload-time = "2025-06-10T11:19:24.207Z" },
    { url = "https://files.pythonhosted.org/packages/88/87/55cabf614bcc96f4a548ab4cf5fe465dd562d193f4f4cd5246cc0a1a18ab/pysam-0.23.3-cp313-cp313-macosx_10_13_x86_64.whl", hash = "sha256:2d3177c5b3e102bde297f86e079d23fa385ac88f16c4252502079ef368056d55", size = 8660576, upload-time = "2025-06-10T11:19:26.918Z" },
    { url = "https://files.pythonhosted.org/packages/1f/2f/4708f52028610af96fa82e3ef46bcf96a35f1bd3c38aa6f015b31b578fff/pysam-0.23.3-cp313-cp313-macosx_11_0_arm64.whl", hash = "sha256:2b6f6891684213e89ee679c5ac786b4e845e7d39d24f6ea0e4d8ed8be9c34f48", size = 8420107, upload-time = "2025-06-10T11:22:59.325Z" },
    { url = "https://files.pythonhosted.org/packages/d9/35/e65f76cfa17d680017bbb61f2a2b3ad34169de5c3747ed4273c194ad13b3/pysam-0.23.3-cp313-cp313-manylinux_2_28_aarch64.whl", hash = "sha256:735b938b809f0dc19a389cf3cee04fe7a451e21e2b20d3e45fa6bc23016ae21d", size = 26547806, upload-time = "2025-06-10T11:23:02.083Z" },
    { url = "https://files.pythonhosted.org/packages/3f/60/2c8574f13f5a9c07cc14f5b48f70591fcd1ccb50dd59ad9784d48ed31db4/pysam-0.23.3-cp313-cp313-manylinux_2_28_x86_64.whl", hash = "sha256:b721ae4c9118e0c27e1500be278c3b62022c886eeb913ecabc0463fdf98da38f", size = 27262067, upload-time = "2025-06-10T11:19:29.222Z" },
    { url = "https://files.pythonhosted.org/packages/f3/ef/6ca22f37b3c771f5df38a533d8276dabaacc89a034341a0ec33b7ec21d5e/pysam-0.23.3-cp313-cp313-musllinux_1_2_aarch64.whl", hash = "sha256:915bd2883eed08b16a41964a33923818e67166ca69a51086598d27287df6bb4f", size = 26036767, upload-time = "2025-06-10T11:23:04.839Z" },
    { url = "https://files.pythonhosted.org/packages/99/a4/d52ac0f89fa90ab98998e5c0640963f3f4c1e9703fd4dd0aaa4facaea187/pysam-0.23.3-cp313-cp313-musllinux_1_2_x86_64.whl", hash = "sha256:b80f1092ba290b738d6ed230cc58cc75ca815fda441afe76cb4c25639aec7ee7", size = 26477588, upload-time = "2025-06-10T11:19:31.96Z" },
]

[[package]]
name = "strenum"
version = "0.4.15"
source = { registry = "https://pypi.org/simple" }
sdist = { url = "https://files.pythonhosted.org/packages/85/ad/430fb60d90e1d112a62ff57bdd1f286ec73a2a0331272febfddd21f330e1/StrEnum-0.4.15.tar.gz", hash = "sha256:878fb5ab705442070e4dd1929bb5e2249511c0bcf2b0eeacf3bcd80875c82eff", size = 23384, upload-time = "2023-06-29T22:02:58.399Z" }
wheels = [
    { url = "https://files.pythonhosted.org/packages/81/69/297302c5f5f59c862faa31e6cb9a4cd74721cd1e052b38e464c5b402df8b/StrEnum-0.4.15-py3-none-any.whl", hash = "sha256:a30cda4af7cc6b5bf52c8055bc4bf4b2b6b14a93b574626da33df53cf7740659", size = 8851, upload-time = "2023-06-29T22:02:56.947Z" },
]

[[package]]
name = "typing-extensions"
version = "4.15.0"
source = { registry = "https://pypi.org/simple" }
sdist = { url = "https://files.pythonhosted.org/packages/72/94/1a15dd82efb362ac84269196e94cf00f187f7ed21c242792a923cdb1c61f/typing_extensions-4.15.0.tar.gz", hash = "sha256:0cea48d173cc12fa28ecabc3b837ea3cf6f38c6d1136f85cbaaf598984861466", size = 109391, upload-time = "2025-08-25T13:49:26.313Z" }
wheels = [
    { url = "https://files.pythonhosted.org/packages/18/67/36e9267722cc04a6b9f15c7f3441c2363321a3ea07da7ae0c0707beb2a9c/typing_extensions-4.15.0-py3-none-any.whl", hash = "sha256:f0fa19c6845758ab08074a0cfa8b7aecb71c999ca73d62883bc25cc018c4e548", size = 44614, upload-time = "2025-08-25T13:49:24.86Z" },
]

[[package]]
name = "zlib-ng"
version = "1.0.0"
source = { registry = "https://pypi.org/simple" }
sdist = { url = "https://files.pythonhosted.org/packages/46/7d/901c6e333fb031b5bfbd1532099200cf859f12aa83689be494eade6685ec/zlib_ng-1.0.0.tar.gz", hash = "sha256:c753cea73f9e803c246e9bf01a59eb652897ed8a19334ada0f968394c7f61650", size = 5799954, upload-time = "2025-09-10T11:46:17.553Z" }
wheels = [
    { url = "https://files.pythonhosted.org/packages/27/d7/9ff19e7a379b2513ec44b38cc4405a22a3929ad1fdfc4ef27e930715ea43/zlib_ng-1.0.0-cp310-cp310-macosx_10_9_x86_64.whl", hash = "sha256:8e288235b7d7f7faea03f8fccc9a271835ad200e8baa4ef79b2615c1a2e0f218", size = 108423, upload-time = "2025-09-10T11:45:16.594Z" },
    { url = "https://files.pythonhosted.org/packages/b7/7a/a30ff722eccf773c2c00e6675ee0196f8e2898b5d1d0b8bfd47421048de0/zlib_ng-1.0.0-cp310-cp310-macosx_11_0_arm64.whl", hash = "sha256:3bc3497a5fdfafce26a7cd14fec1bce03dfffb9eee0f74b0d6b0ce9b23c8df95", size = 91074, upload-time = "2025-09-10T11:43:52.107Z" },
    { url = "https://files.pythonhosted.org/packages/18/78/9536a48b828364226290cea04e6e3c9654d1c41d3c05bb6aaedb2eb29c23/zlib_ng-1.0.0-cp310-cp310-manylinux2014_aarch64.manylinux_2_17_aarch64.manylinux_2_28_aarch64.whl", hash = "sha256:a77009140648ce8dac8592f6ae6ccb7aca8d0f858d256c40afe716cb0635bfd6", size = 111190, upload-time = "2025-09-10T12:21:18.762Z" },
    { url = "https://files.pythonhosted.org/packages/1b/0c/1e09f8542b597bb7da3e78309d595798973b4731065c45c4111363b0937f/zlib_ng-1.0.0-cp310-cp310-manylinux2014_x86_64.manylinux_2_17_x86_64.manylinux_2_28_x86_64.whl", hash = "sha256:ebaf923ba7be942869748e59114b69e28f90565323f1cbb60fcf85bef222b03a", size = 132127, upload-time = "2025-09-10T11:46:02.889Z" },
    { url = "https://files.pythonhosted.org/packages/89/14/e2898cae51ccf697eb178b177b8a5690234d4ae308b42ed6e0c6970e648c/zlib_ng-1.0.0-cp310-cp310-musllinux_1_2_aarch64.whl", hash = "sha256:cc5f066665782c814ae1d190b92b37270820b66e465195d4be63c33e77dcb677", size = 112015, upload-time = "2025-09-10T12:21:19.957Z" },
    { url = "https://files.pythonhosted.org/packages/8f/40/894480d59f368fed03ca8523a2b40cfd22a57904d3c2dce162a839652fad/zlib_ng-1.0.0-cp310-cp310-musllinux_1_2_x86_64.whl", hash = "sha256:5b7bd6e4168ea5ee9371b302883462d35bae490b5a67b923405ecdc13635c610", size = 132902, upload-time = "2025-09-10T11:46:04.09Z" },
    { url = "https://files.pythonhosted.org/packages/7c/7a/60a04a413f2151614985b9ca352b98f173778b1ff5bedfd425d1de2345f1/zlib_ng-1.0.0-cp310-cp310-win_amd64.whl", hash = "sha256:58a1df13d2bc3e3b2d17ce80cb0b9bfad4962a5b8f3d7b9609053265e15b55bb", size = 93488, upload-time = "2025-09-10T11:54:55.351Z" },
    { url = "https://files.pythonhosted.org/packages/c8/99/db598471ee982e01e35c26a521b19bbc109520cdc4657a91ba3d21bc4fee/zlib_ng-1.0.0-cp311-cp311-macosx_10_9_x86_64.whl", hash = "sha256:a12ea913b237e4c259326510fe0622b8b538373f6a6faf44dea04a24c43078c1", size = 108424, upload-time = "2025-09-10T11:45:17.414Z" },
    { url = "https://files.pythonhosted.org/packages/15/cc/41d46a0ff72a423725713a4ddc508fdb2742ab183c9afbc1b96b00e02b17/zlib_ng-1.0.0-cp311-cp311-macosx_11_0_arm64.whl", hash = "sha256:173de364f5b35a3dc75dc92eacd208cbc7a221faac9358fc389d9bc9d7a8f265", size = 91080, upload-time = "2025-09-10T11:43:53.841Z" },
    { url = "https://files.pythonhosted.org/packages/9f/96/4ff48875cb9c3a03f6f78c3bb9437299cd650d31377f43d6d37908598887/zlib_ng-1.0.0-cp311-cp311-manylinux2014_aarch64.manylinux_2_17_aarch64.manylinux_2_28_aarch64.whl", hash = "sha256:2d26d08e541f07aece29668dddfc70d471c37e66cd9c22eb534f9bb125456432", size = 111195, upload-time = "2025-09-10T12:21:21.354Z" },
    { url = "https://files.pythonhosted.org/packages/79/e8/ec1a2dc30ce4a26dc0661443f59064eee7e8d8e434a7244440a39fe47422/zlib_ng-1.0.0-cp311-cp311-manylinux2014_x86_64.manylinux_2_17_x86_64.manylinux_2_28_x86_64.whl", hash = "sha256:64361ccfce156f7450315c6387ca7cf8c1ace656d4ae6ed765ebf7f279052360", size = 132127, upload-time = "2025-09-10T11:46:05.29Z" },
    { url = "https://files.pythonhosted.org/packages/fe/42/6f197e033eceead458d75a21e40b7c2909d94f921fabdcd7c81e46b1ecf0/zlib_ng-1.0.0-cp311-cp311-musllinux_1_2_aarch64.whl", hash = "sha256:b38647810d56ce615d7f1eb5cb20771d470762559840e9075de370aa23a89fea", size = 112020, upload-time = "2025-09-10T12:21:22.429Z" },
    { url = "https://files.pythonhosted.org/packages/e4/4a/566dbaf6eb216db904b355f2665f04df577205e07c37294301d4acbbda93/zlib_ng-1.0.0-cp311-cp311-musllinux_1_2_x86_64.whl", hash = "sha256:f7e837cf0749ae88a643d868c186eee1efe14285558286c0e3085bd8395112e8", size = 132901, upload-time = "2025-09-10T11:46:06.508Z" },
    { url = "https://files.pythonhosted.org/packages/e6/39/98737bccdcccf2ad35d9eaed7c2e040312f140418ecc1f4934cc50475c0a/zlib_ng-1.0.0-cp311-cp311-win_amd64.whl", hash = "sha256:ce5abda509d63e1aac0d16d9ef5f88f6cadf41149d46b1495724fa313c0ca8a0", size = 93487, upload-time = "2025-09-10T11:54:56.616Z" },
    { url = "https://files.pythonhosted.org/packages/e4/6f/ad3b032d3881a5f35d673b429a8a524d8cb2b56d81f8ca4194117a502509/zlib_ng-1.0.0-cp312-cp312-macosx_10_13_x86_64.whl", hash = "sha256:d894ed89fd1f53344b8334333794f53d7119da034b49e08e39f0d2b05a1f699c", size = 108672, upload-time = "2025-09-10T11:45:18.222Z" },
    { url = "https://files.pythonhosted.org/packages/a1/7c/67d4a0bb72039f8a8e11cd711aed63a0adf83961fea668e204b07d6f469d/zlib_ng-1.0.0-cp312-cp312-macosx_11_0_arm64.whl", hash = "sha256:c01e44613d9a4cc1f6f6dcfab03ae43fd3b4f9bd909006398c75fe4a1fb48333", size = 91299, upload-time = "2025-09-10T11:43:55.018Z" },
    { url = "https://files.pythonhosted.org/packages/50/97/9836a0ec483786803c1a9925f6249cbb5dbd408fcc100bd8b4cd615c012d/zlib_ng-1.0.0-cp312-cp312-manylinux2014_aarch64.manylinux_2_17_aarch64.manylinux_2_28_aarch64.whl", hash = "sha256:611a85b2dcb206a3cf8cdaa4323dbf9dbefe6c92e83d2da86333050f33a4318e", size = 111319, upload-time = "2025-09-10T12:21:23.809Z" },
    { url = "https://files.pythonhosted.org/packages/6a/ed/5baf549131c47cbf5a00c35c7db7a78d5aa3c405605255a1496160a96a87/zlib_ng-1.0.0-cp312-cp312-manylinux2014_x86_64.manylinux_2_17_x86_64.manylinux_2_28_x86_64.whl", hash = "sha256:5332f9452b2fc27e47a1ca78fc150689ed9c51c7f449a5467bf41c4b206c439f", size = 132407, upload-time = "2025-09-10T11:46:07.343Z" },
    { url = "https://files.pythonhosted.org/packages/96/e6/6b09e61cfa205b546f3c8202be35795040340a12dde36dd990eac9747ef8/zlib_ng-1.0.0-cp312-cp312-musllinux_1_2_aarch64.whl", hash = "sha256:6c362f54b67a4385b19ab8972b66f34da73b93c1b8f0b251a0f20d315c15f71a", size = 112144, upload-time = "2025-09-10T12:21:24.995Z" },
    { url = "https://files.pythonhosted.org/packages/5f/55/886fe76443fb7131a364a4ff3b257ac0c7bcf61d2562c009de5104a051d9/zlib_ng-1.0.0-cp312-cp312-musllinux_1_2_x86_64.whl", hash = "sha256:e1a1205e4146819f9c5dbaaa89be587fc7a09f06094676f2dc27146ba1682de5", size = 133232, upload-time = "2025-09-10T11:46:08.21Z" },
    { url = "https://files.pythonhosted.org/packages/98/c7/b6684511acc5e026650e98e029b34fa801750d29654172a1d651f619d348/zlib_ng-1.0.0-cp312-cp312-win_amd64.whl", hash = "sha256:c6e16cb8cb140bc3e76f95294f91939929a0a3fcc0fbb6ba4191fc24dc15dea9", size = 93520, upload-time = "2025-09-10T11:54:57.879Z" },
    { url = "https://files.pythonhosted.org/packages/29/87/70b3c49c0468505cf333a9027c03b2c70f169dc6c0f4cc4d0a4ddbe38875/zlib_ng-1.0.0-cp313-cp313-macosx_10_13_x86_64.whl", hash = "sha256:79b172c6046d8be48500e95e3b6858056a8dfeb95c57d0403c6e7e874bcb87d9", size = 108682, upload-time = "2025-09-10T11:45:19.009Z" },
    { url = "https://files.pythonhosted.org/packages/e1/eb/293e0f4b1598a82972cb45aa80c0b2cac88f6b0f7877081e77aba1abe668/zlib_ng-1.0.0-cp313-cp313-macosx_11_0_arm64.whl", hash = "sha256:8da943c739ffc86679979dcb654294e6bf7d40829de7dca43d453b46b251435c", size = 91290, upload-time = "2025-09-10T11:43:56.252Z" },
    { url = "https://files.pythonhosted.org/packages/77/61/a93b686a3f2dc3c0a44a193757e8ca852f34fac64939f6bbe0c65928f7a6/zlib_ng-1.0.0-cp313-cp313-manylinux2014_aarch64.manylinux_2_17_aarch64.manylinux_2_28_aarch64.whl", hash = "sha256:377dd5ee851e8fea0f81811866eb0463d3e7c781d4c5fd89401ef69036befce3", size = 111303, upload-time = "2025-09-10T12:21:26.286Z" },
    { url = "https://files.pythonhosted.org/packages/e7/15/90ef47172106a3c56697907c048bffc14529c09c8785716ba296d27f0e4e/zlib_ng-1.0.0-cp313-cp313-manylinux2014_x86_64.manylinux_2_17_x86_64.manylinux_2_28_x86_64.whl", hash = "sha256:1e7a8baaa2c766c6ae60417612ce2d8cd08555596662d6b4b5c594095dffaed5", size = 132395, upload-time = "2025-09-10T11:46:09.462Z" },
    { url = "https://files.pythonhosted.org/packages/61/f1/fe005fda8cee96c6ea4a4070d7ebbabf91f65930a750f2af4529ff36db85/zlib_ng-1.0.0-cp313-cp313-musllinux_1_2_aarch64.whl", hash = "sha256:fef21e3c5528e008ac4fc7932d373ba9854090830731db9051c2a9344ae26579", size = 112122, upload-time = "2025-09-10T12:21:27.38Z" },
    { url = "https://files.pythonhosted.org/packages/ba/2d/61b61146fcb8ccd529a0e73818c8a7f6ecdd5fb0a2c4c3be32c9a9397845/zlib_ng-1.0.0-cp313-cp313-musllinux_1_2_x86_64.whl", hash = "sha256:4c30a1c8394d9c48fd9c5290355d00b6fd06f661b3c454d1747c62269e917cdd", size = 133219, upload-time = "2025-09-10T11:46:10.656Z" },
    { url = "https://files.pythonhosted.org/packages/96/cc/255bf0e3098ff31690fa4ab73606330abd9e2f8f260999938456dd450fed/zlib_ng-1.0.0-cp313-cp313-win_amd64.whl", hash = "sha256:6ecf6ab9b7cb31ae192f469d7f1bcc1cae8314c7baf78bb174d43eb9a6e73f0d", size = 93525, upload-time = "2025-09-10T11:54:58.731Z" },
    { url = "https://files.pythonhosted.org/packages/74/ae/6626c0226806459bddd3fa1afef366455c114ce930c390ea435841bcb6ac/zlib_ng-1.0.0-cp314-cp314-macosx_10_13_x86_64.whl", hash = "sha256:616348ca549ba1ee286ab0c276af91f846fca07b602edc21ecf3ba6d36211a4b", size = 108617, upload-time = "2025-09-10T11:45:20.256Z" },
    { url = "https://files.pythonhosted.org/packages/4f/95/0fe707bca0050a49997be6b562271eea63beab100520a9a40ca6e00eafa5/zlib_ng-1.0.0-cp314-cp314-macosx_11_0_arm64.whl", hash = "sha256:f6ef47f702374a2d0fbba709bf85cd124f3e83002ca4d51ecff55ad385ee2e44", size = 91322, upload-time = "2025-09-10T11:43:57.072Z" },
    { url = "https://files.pythonhosted.org/packages/81/32/05bbab262a70101ac6280b3b89b0a7c77df9e7bba7b7e239496d70982d12/zlib_ng-1.0.0-cp314-cp314-manylinux2014_aarch64.manylinux_2_17_aarch64.manylinux_2_28_aarch64.whl", hash = "sha256:501bc6fb57063e107e767ab6079cb8db98d6bacd48f4e04cb3f2ff887604e87d", size = 111366, upload-time = "2025-09-10T12:21:28.444Z" },
    { url = "https://files.pythonhosted.org/packages/1c/a3/781e00b573866bbfca7edb4284495962a0e0ccd55965ac9ff7fde8aed382/zlib_ng-1.0.0-cp314-cp314-manylinux2014_x86_64.manylinux_2_17_x86_64.manylinux_2_28_x86_64.whl", hash = "sha256:0610467509e477b5813c0182bdcffa78b0509c03291f3a83cd844959add609b9", size = 132402, upload-time = "2025-09-10T11:46:11.494Z" },
    { url = "https://files.pythonhosted.org/packages/1d/89/7dfc3cb2a541a98ef5102f9895733527021f64af906d6c44ca260db241b7/zlib_ng-1.0.0-cp314-cp314-musllinux_1_2_aarch64.whl", hash = "sha256:a68ed1ac533c60fa9edcca857a8ef394cc340d442d79a50256a2fd8646458f20", size = 112152, upload-time = "2025-09-10T12:21:29.842Z" },
    { url = "https://files.pythonhosted.org/packages/99/2c/8d99b00e1a3425f059617eb2f242e7edfa1e5e7c50c4d9d4a99896529579/zlib_ng-1.0.0-cp314-cp314-musllinux_1_2_x86_64.whl", hash = "sha256:034c0693a4e88b71866044e386184dedaef5e258fadb756c080fde5c609bcde1", size = 133230, upload-time = "2025-09-10T11:46:12.354Z" },
    { url = "https://files.pythonhosted.org/packages/93/4d/3475605c16a32d7ac4efc8c49c7d7b863ced4311dceca987b2f288f8d673/zlib_ng-1.0.0-cp314-cp314-win_amd64.whl", hash = "sha256:a499413d424fd16c8a245e9dd09206f5574ec93be383a22616fb31d7be82ab75", size = 95906, upload-time = "2025-09-10T11:54:59.844Z" },
    { url = "https://files.pythonhosted.org/packages/ca/b6/2eaa187c51f1aa2ae180d1252522fcb3899e0c456b01927b39965b8a84df/zlib_ng-1.0.0-cp314-cp314t-macosx_10_13_x86_64.whl", hash = "sha256:f903cb4d076ced4628284a76e5aed7b2a9e61a3c1fbe9416feaed1239d6b36ef", size = 109754, upload-time = "2025-09-10T11:45:21.423Z" },
    { url = "https://files.pythonhosted.org/packages/ea/ec/5d97d9e979ea08793c00261e37c1c47400d066ca70f80bfb3493381e5b38/zlib_ng-1.0.0-cp314-cp314t-macosx_11_0_arm64.whl", hash = "sha256:0175e33a1faf96f184cfa4c0aa542ce4146acca02f4f3420ce50e0541c926d80", size = 92534, upload-time = "2025-09-10T11:43:57.892Z" },
    { url = "https://files.pythonhosted.org/packages/51/df/83fc566a7f8140427fc812e065b89680f1ff97d60e95184553d609bfb679/zlib_ng-1.0.0-cp314-cp314t-manylinux2014_aarch64.manylinux_2_17_aarch64.manylinux_2_28_aarch64.whl", hash = "sha256:1b7d4aa8a2f165582eb2345817b4ae2fb3a90d87e9eabe2d2f1d16a14c3c14d6", size = 112130, upload-time = "2025-09-10T12:21:30.981Z" },
    { url = "https://files.pythonhosted.org/packages/d2/15/1fc7d95fda3788f6429a9067647a71d41a31f246d0012e615530959082ce/zlib_ng-1.0.0-cp314-cp314t-manylinux2014_x86_64.manylinux_2_17_x86_64.manylinux_2_28_x86_64.whl", hash = "sha256:0da75a236bbc05b2adfd83c42bd768fbcbf665e9423e5f893f79cf7b1fcf35da", size = 132835, upload-time = "2025-09-10T11:46:13.257Z" },
    { url = "https://files.pythonhosted.org/packages/38/1e/e8bba2ee85ea99ad9a736c66d78471bb141ecb3c9ee49cfbabf0abe16f51/zlib_ng-1.0.0-cp314-cp314t-musllinux_1_2_aarch64.whl", hash = "sha256:538fbc57f29d8a1508346813e7c349286a12155de61bad862169261c3237b996", size = 112812, upload-time = "2025-09-10T12:21:32.397Z" },
    { url = "https://files.pythonhosted.org/packages/b8/16/8304e87fa66030f5f5def10fb55c1a7441c3605ce099a2ec7b5d61bded47/zlib_ng-1.0.0-cp314-cp314t-musllinux_1_2_x86_64.whl", hash = "sha256:67990ae37dca082e190487aa1af58452c474dcf137b39df736c23e91f7b0915b", size = 133554, upload-time = "2025-09-10T11:46:14.508Z" },
    { url = "https://files.pythonhosted.org/packages/3b/f3/09d4abcea093749eeba4f7c876cf769ebf34e70df3e3041385943ca07292/zlib_ng-1.0.0-cp314-cp314t-win_amd64.whl", hash = "sha256:76b3832ce6b1b04ccd1efb58d4f37fabbb83eb946ea2710c19d586a9d9a4a45b", size = 97279, upload-time = "2025-09-10T11:55:01.227Z" },
]
